
Microsoft Visual Studio Solution File, Format Version 12.00
# Visual Studio Version 16
VisualStudioVersion = 16.0.29613.14
MinimumVisualStudioVersion = 10.0.40219.1
Project("{FAE04EC0-301F-11D3-BF4B-00C04F79EFBC}") = "Lesson11", "Lesson11.csproj", "{3929ACE2-DEC3-4B95-872A-0DDC4A9D6570}"
EndProject
Project("{FAE04EC0-301F-11D3-BF4B-00C04F79EFBC}") = "Lesson12", "..\Lesson2\Lesson12.csproj", "{2906D8CB-B6F7-4FF3-8861-F446A207A256}"
EndProject
Project("{FAE04EC0-301F-11D3-BF4B-00C04F79EFBC}") = "Lesson13", "..\Lesson13\Lesson13.csproj", "{DC5AF42E-D93C-41DA-BBCA-061DC2F4F10A}"
EndProject
Project("{FAE04EC0-301F-11D3-BF4B-00C04F79EFBC}") = "Lesson14", "..\Lesson14\Lesson14.csproj", "{3C0B0164-FF02-4FE4-A15F-3ECCE6D3E547}"
EndProject
Project("{FAE04EC0-301F-11D3-BF4B-00C04F79EFBC}") = "Lesson15", "..\Lesson15\Lesson15.csproj", "{814FDB79-A086-44BD-9751-E99136BBC99C}"
EndProject
Project("{FAE04EC0-301F-11D3-BF4B-00C04F79EFBC}") = "Lesson16", "..\Lesson16\Lesson16.csproj", "{01A9F1FE-232D-4262-A2F5-DD3CCFEE7B0B}"
EndProject
Global
	GlobalSection(SolutionConfigurationPlatforms) = preSolution
		Debug|Any CPU = Debug|Any CPU
		Release|Any CPU = Release|Any CPU
	EndGlobalSection
	GlobalSection(ProjectConfigurationPlatforms) = postSolution
		{3929ACE2-DEC3-4B95-872A-0DDC4A9D6570}.Debug|Any CPU.ActiveCfg = Debug|Any CPU
		{3929ACE2-DEC3-4B95-872A-0DDC4A9D6570}.Debug|Any CPU.Build.0 = Debug|Any CPU
		{3929ACE2-DEC3-4B95-872A-0DDC4A9D6570}.Release|Any CPU.ActiveCfg = Release|Any CPU
		{3929ACE2-DEC3-4B95-872A-0DDC4A9D6570}.Release|Any CPU.Build.0 = Release|Any CPU
		{2906D8CB-B6F7-4FF3-8861-F446A207A256}.Debug|Any CPU.ActiveCfg = Debug|Any CPU
		{2906D8CB-B6F7-4FF3-8861-F446A207A256}.Debug|Any CPU.Build.0 = Debug|Any CPU
		{2906D8CB-B6F7-4FF3-8861-F446A207A256}.Release|Any CPU.ActiveCfg = Release|Any CPU
		{2906D8CB-B6F7-4FF3-8861-F446A207A256}.Release|Any CPU.Build.0 = Release|Any CPU
		{DC5AF42E-D93C-41DA-BBCA-061DC2F4F10A}.Debug|Any CPU.ActiveCfg = Debug|Any CPU
		{DC5AF42E-D93C-41DA-BBCA-061DC2F4F10A}.Debug|Any CPU.Build.0 = Debug|Any CPU
		{DC5AF42E-D93C-41DA-BBCA-061DC2F4F10A}.Release|Any CPU.ActiveCfg = Release|Any CPU
		{DC5AF42E-D93C-41DA-BBCA-061DC2F4F10A}.Release|Any CPU.Build.0 = Release|Any CPU
		{3C0B0164-FF02-4FE4-A15F-3ECCE6D3E547}.Debug|Any CPU.ActiveCfg = Debug|Any CPU
		{3C0B0164-FF02-4FE4-A15F-3ECCE6D3E547}.Debug|Any CPU.Build.0 = Debug|Any CPU
		{3C0B0164-FF02-4FE4-A15F-3ECCE6D3E547}.Release|Any CPU.ActiveCfg = Release|Any CPU
		{3C0B0164-FF02-4FE4-A15F-3ECCE6D3E547}.Release|Any CPU.Build.0 = Release|Any CPU
		{814FDB79-A086-44BD-9751-E99136BBC99C}.Debug|Any CPU.ActiveCfg = Debug|Any CPU
		{814FDB79-A086-44BD-9751-E99136BBC99C}.Debug|Any CPU.Build.0 = Debug|Any CPU
		{814FDB79-A086-44BD-9751-E99136BBC99C}.Release|Any CPU.ActiveCfg = Release|Any CPU
		{814FDB79-A086-44BD-9751-E99136BBC99C}.Release|Any CPU.Build.0 = Release|Any CPU
		{01A9F1FE-232D-4262-A2F5-DD3CCFEE7B0B}.Debug|Any CPU.ActiveCfg = Debug|Any CPU
		{01A9F1FE-232D-4262-A2F5-DD3CCFEE7B0B}.Debug|Any CPU.Build.0 = Debug|Any CPU
		{01A9F1FE-232D-4262-A2F5-DD3CCFEE7B0B}.Release|Any CPU.ActiveCfg = Release|Any CPU
		{01A9F1FE-232D-4262-A2F5-DD3CCFEE7B0B}.Release|Any CPU.Build.0 = Release|Any CPU
	EndGlobalSection
	GlobalSection(SolutionProperties) = preSolution
		HideSolutionNode = FALSE
	EndGlobalSection
	GlobalSection(ExtensibilityGlobals) = postSolution
		SolutionGuid = {DD469777-D645-4014-B2CB-AEDB7829D260}
	EndGlobalSection
EndGlobal
